
Microsoft Visual Studio Solution File, Format Version 12.00
# Visual Studio Version 17
VisualStudioVersion = 17.4.33205.214
MinimumVisualStudioVersion = 10.0.40219.1
Project("{FAE04EC0-301F-11D3-BF4B-00C04F79EFBC}") = "Serie I", "Serie I.csproj", "{2AB7ECED-BABC-4AB7-9C3B-59A5442D8489}"
EndProject
Global
	GlobalSection(SolutionConfigurationPlatforms) = preSolution
		Debug|Any CPU = Debug|Any CPU
		Release|Any CPU = Release|Any CPU
	EndGlobalSection
	GlobalSection(ProjectConfigurationPlatforms) = postSolution
		{2AB7ECED-BABC-4AB7-9C3B-59A5442D8489}.Debug|Any CPU.ActiveCfg = Debug|Any CPU
		{2AB7ECED-BABC-4AB7-9C3B-59A5442D8489}.Debug|Any CPU.Build.0 = Debug|Any CPU
		{2AB7ECED-BABC-4AB7-9C3B-59A5442D8489}.Release|Any CPU.ActiveCfg = Release|Any CPU
		{2AB7ECED-BABC-4AB7-9C3B-59A5442D8489}.Release|Any CPU.Build.0 = Release|Any CPU
	EndGlobalSection
	GlobalSection(SolutionProperties) = preSolution
		HideSolutionNode = FALSE
	EndGlobalSection
	GlobalSection(ExtensibilityGlobals) = postSolution
		SolutionGuid = {B77872C7-D8F5-4B92-BD30-C53902F225D0}
	EndGlobalSection
EndGlobal
